// !$*UTF8*$!
{
	archiveVersion = 1;
	classes = {
	};
	objectVersion = 55;
	objects = {

/* Begin PBXBuildFile section */
		B6AD210528FF4E18009B3345 /* GithubIssueReaderTests.swift in Sources */ = {isa = PBXBuildFile; fileRef = B6AD210428FF4E18009B3345 /* GithubIssueReaderTests.swift */; };
		B6AD210C28FF5263009B3345 /* IssueViewModelTests.swift in Sources */ = {isa = PBXBuildFile; fileRef = B6AD210B28FF5263009B3345 /* IssueViewModelTests.swift */; };
		FD157EF428C0032000A05E12 /* IssuesCollectionVC.swift in Sources */ = {isa = PBXBuildFile; fileRef = FD157EF328C0032000A05E12 /* IssuesCollectionVC.swift */; };
		FD52A5AA28F9F6D100819D23 /* IssuePreviewContentView.swift in Sources */ = {isa = PBXBuildFile; fileRef = FD52A5A928F9F6D100819D23 /* IssuePreviewContentView.swift */; };
		FFB3D64028BE8B6C005DB032 /* AppDelegate.swift in Sources */ = {isa = PBXBuildFile; fileRef = FFB3D63F28BE8B6C005DB032 /* AppDelegate.swift */; };
		FFB3D64228BE8B6C005DB032 /* SceneDelegate.swift in Sources */ = {isa = PBXBuildFile; fileRef = FFB3D64128BE8B6C005DB032 /* SceneDelegate.swift */; };
		FFB3D64428BE8B6C005DB032 /* ViewController.swift in Sources */ = {isa = PBXBuildFile; fileRef = FFB3D64328BE8B6C005DB032 /* ViewController.swift */; };
		FFB3D64928BE8B6F005DB032 /* Assets.xcassets in Resources */ = {isa = PBXBuildFile; fileRef = FFB3D64828BE8B6F005DB032 /* Assets.xcassets */; };
		FFB3D64C28BE8B6F005DB032 /* LaunchScreen.storyboard in Resources */ = {isa = PBXBuildFile; fileRef = FFB3D64A28BE8B6F005DB032 /* LaunchScreen.storyboard */; };
		FFB3D65728BE8E5C005DB032 /* IssueModel.swift in Sources */ = {isa = PBXBuildFile; fileRef = FFB3D65628BE8E5C005DB032 /* IssueModel.swift */; };
		FFB3D65928BE8FB8005DB032 /* UserModel .swift in Sources */ = {isa = PBXBuildFile; fileRef = FFB3D65828BE8FB8005DB032 /* UserModel .swift */; };
		FFB3D65C28BFCEB6005DB032 /* NetworkManager.swift in Sources */ = {isa = PBXBuildFile; fileRef = FFB3D65B28BFCEB6005DB032 /* NetworkManager.swift */; };
		FFB3D65E28BFD03B005DB032 /* IssueViewModel.swift in Sources */ = {isa = PBXBuildFile; fileRef = FFB3D65D28BFD03B005DB032 /* IssueViewModel.swift */; };
/* End PBXBuildFile section */

/* Begin PBXContainerItemProxy section */
		B6AD210628FF4E18009B3345 /* PBXContainerItemProxy */ = {
			isa = PBXContainerItemProxy;
			containerPortal = FFB3D63428BE8B6C005DB032 /* Project object */;
			proxyType = 1;
			remoteGlobalIDString = FFB3D63B28BE8B6C005DB032;
			remoteInfo = "Github Issue Reader";
		};
/* End PBXContainerItemProxy section */

/* Begin PBXFileReference section */
		B6AD210228FF4E18009B3345 /* GithubIssueReaderTests.xctest */ = {isa = PBXFileReference; explicitFileType = wrapper.cfbundle; includeInIndex = 0; path = GithubIssueReaderTests.xctest; sourceTree = BUILT_PRODUCTS_DIR; };
		B6AD210428FF4E18009B3345 /* GithubIssueReaderTests.swift */ = {isa = PBXFileReference; lastKnownFileType = sourcecode.swift; path = GithubIssueReaderTests.swift; sourceTree = "<group>"; };
		B6AD210B28FF5263009B3345 /* IssueViewModelTests.swift */ = {isa = PBXFileReference; lastKnownFileType = sourcecode.swift; path = IssueViewModelTests.swift; sourceTree = "<group>"; };
		FD157EF328C0032000A05E12 /* IssuesCollectionVC.swift */ = {isa = PBXFileReference; lastKnownFileType = sourcecode.swift; path = IssuesCollectionVC.swift; sourceTree = "<group>"; };
		FD52A5A928F9F6D100819D23 /* IssuePreviewContentView.swift */ = {isa = PBXFileReference; lastKnownFileType = sourcecode.swift; path = IssuePreviewContentView.swift; sourceTree = "<group>"; };
		FFB3D63C28BE8B6C005DB032 /* Github Issue Reader.app */ = {isa = PBXFileReference; explicitFileType = wrapper.application; includeInIndex = 0; path = "Github Issue Reader.app"; sourceTree = BUILT_PRODUCTS_DIR; };
		FFB3D63F28BE8B6C005DB032 /* AppDelegate.swift */ = {isa = PBXFileReference; lastKnownFileType = sourcecode.swift; path = AppDelegate.swift; sourceTree = "<group>"; };
		FFB3D64128BE8B6C005DB032 /* SceneDelegate.swift */ = {isa = PBXFileReference; lastKnownFileType = sourcecode.swift; path = SceneDelegate.swift; sourceTree = "<group>"; };
		FFB3D64328BE8B6C005DB032 /* ViewController.swift */ = {isa = PBXFileReference; lastKnownFileType = sourcecode.swift; path = ViewController.swift; sourceTree = "<group>"; };
		FFB3D64828BE8B6F005DB032 /* Assets.xcassets */ = {isa = PBXFileReference; lastKnownFileType = folder.assetcatalog; path = Assets.xcassets; sourceTree = "<group>"; };
		FFB3D64B28BE8B6F005DB032 /* Base */ = {isa = PBXFileReference; lastKnownFileType = file.storyboard; name = Base; path = Base.lproj/LaunchScreen.storyboard; sourceTree = "<group>"; };
		FFB3D64D28BE8B6F005DB032 /* Info.plist */ = {isa = PBXFileReference; lastKnownFileType = text.plist.xml; path = Info.plist; sourceTree = "<group>"; };
		FFB3D65628BE8E5C005DB032 /* IssueModel.swift */ = {isa = PBXFileReference; lastKnownFileType = sourcecode.swift; path = IssueModel.swift; sourceTree = "<group>"; };
		FFB3D65828BE8FB8005DB032 /* UserModel .swift */ = {isa = PBXFileReference; lastKnownFileType = sourcecode.swift; path = "UserModel .swift"; sourceTree = "<group>"; };
		FFB3D65B28BFCEB6005DB032 /* NetworkManager.swift */ = {isa = PBXFileReference; lastKnownFileType = sourcecode.swift; path = NetworkManager.swift; sourceTree = "<group>"; };
		FFB3D65D28BFD03B005DB032 /* IssueViewModel.swift */ = {isa = PBXFileReference; lastKnownFileType = sourcecode.swift; path = IssueViewModel.swift; sourceTree = "<group>"; };
/* End PBXFileReference section */

/* Begin PBXFrameworksBuildPhase section */
		B6AD20FF28FF4E18009B3345 /* Frameworks */ = {
			isa = PBXFrameworksBuildPhase;
			buildActionMask = 2147483647;
			files = (
			);
			runOnlyForDeploymentPostprocessing = 0;
		};
		FFB3D63928BE8B6C005DB032 /* Frameworks */ = {
			isa = PBXFrameworksBuildPhase;
			buildActionMask = 2147483647;
			files = (
			);
			runOnlyForDeploymentPostprocessing = 0;
		};
/* End PBXFrameworksBuildPhase section */

/* Begin PBXGroup section */
		B6AD210328FF4E18009B3345 /* GithubIssueReaderTests */ = {
			isa = PBXGroup;
			children = (
				B6AD210428FF4E18009B3345 /* GithubIssueReaderTests.swift */,
				B6AD210B28FF5263009B3345 /* IssueViewModelTests.swift */,
			);
			path = GithubIssueReaderTests;
			sourceTree = "<group>";
		};
		FFB3D63328BE8B6C005DB032 = {
			isa = PBXGroup;
			children = (
				FD52A5A928F9F6D100819D23 /* IssuePreviewContentView.swift */,
				FFB3D63E28BE8B6C005DB032 /* Github Issue Reader */,
				B6AD210328FF4E18009B3345 /* GithubIssueReaderTests */,
				FFB3D63D28BE8B6C005DB032 /* Products */,
			);
			sourceTree = "<group>";
		};
		FFB3D63D28BE8B6C005DB032 /* Products */ = {
			isa = PBXGroup;
			children = (
				FFB3D63C28BE8B6C005DB032 /* Github Issue Reader.app */,
				B6AD210228FF4E18009B3345 /* GithubIssueReaderTests.xctest */,
			);
			name = Products;
			sourceTree = "<group>";
		};
		FFB3D63E28BE8B6C005DB032 /* Github Issue Reader */ = {
			isa = PBXGroup;
			children = (
				FFB3D65528BE8DE5005DB032 /* Views */,
				FFB3D65428BE8DD4005DB032 /* ViewModels */,
				FFB3D65328BE8DCB005DB032 /* Models */,
				FFB3D65A28BFCEA1005DB032 /* API */,
				FFB3D63F28BE8B6C005DB032 /* AppDelegate.swift */,
				FFB3D64128BE8B6C005DB032 /* SceneDelegate.swift */,
				FFB3D64328BE8B6C005DB032 /* ViewController.swift */,
				FFB3D64828BE8B6F005DB032 /* Assets.xcassets */,
				FFB3D64A28BE8B6F005DB032 /* LaunchScreen.storyboard */,
				FFB3D64D28BE8B6F005DB032 /* Info.plist */,
			);
			path = "Github Issue Reader";
			sourceTree = "<group>";
		};
		FFB3D65328BE8DCB005DB032 /* Models */ = {
			isa = PBXGroup;
			children = (
				FFB3D65628BE8E5C005DB032 /* IssueModel.swift */,
				FFB3D65828BE8FB8005DB032 /* UserModel .swift */,
			);
			path = Models;
			sourceTree = "<group>";
		};
		FFB3D65428BE8DD4005DB032 /* ViewModels */ = {
			isa = PBXGroup;
			children = (
				FFB3D65D28BFD03B005DB032 /* IssueViewModel.swift */,
			);
			path = ViewModels;
			sourceTree = "<group>";
		};
		FFB3D65528BE8DE5005DB032 /* Views */ = {
			isa = PBXGroup;
			children = (
				FD157EF328C0032000A05E12 /* IssuesCollectionVC.swift */,
			);
			path = Views;
			sourceTree = "<group>";
		};
		FFB3D65A28BFCEA1005DB032 /* API */ = {
			isa = PBXGroup;
			children = (
				FFB3D65B28BFCEB6005DB032 /* NetworkManager.swift */,
			);
			path = API;
			sourceTree = "<group>";
		};
/* End PBXGroup section */

/* Begin PBXNativeTarget section */
		B6AD210128FF4E18009B3345 /* GithubIssueReaderTests */ = {
			isa = PBXNativeTarget;
			buildConfigurationList = B6AD210A28FF4E18009B3345 /* Build configuration list for PBXNativeTarget "GithubIssueReaderTests" */;
			buildPhases = (
				B6AD20FE28FF4E18009B3345 /* Sources */,
				B6AD20FF28FF4E18009B3345 /* Frameworks */,
				B6AD210028FF4E18009B3345 /* Resources */,
			);
			buildRules = (
			);
			dependencies = (
				B6AD210728FF4E18009B3345 /* PBXTargetDependency */,
			);
			name = GithubIssueReaderTests;
			productName = GithubIssueReaderTests;
			productReference = B6AD210228FF4E18009B3345 /* GithubIssueReaderTests.xctest */;
			productType = "com.apple.product-type.bundle.unit-test";
		};
		FFB3D63B28BE8B6C005DB032 /* Github Issue Reader */ = {
			isa = PBXNativeTarget;
			buildConfigurationList = FFB3D65028BE8B6F005DB032 /* Build configuration list for PBXNativeTarget "Github Issue Reader" */;
			buildPhases = (
				FFB3D63828BE8B6C005DB032 /* Sources */,
				FFB3D63928BE8B6C005DB032 /* Frameworks */,
				FFB3D63A28BE8B6C005DB032 /* Resources */,
			);
			buildRules = (
			);
			dependencies = (
			);
			name = "Github Issue Reader";
			productName = "Github Issue Reader";
			productReference = FFB3D63C28BE8B6C005DB032 /* Github Issue Reader.app */;
			productType = "com.apple.product-type.application";
		};
/* End PBXNativeTarget section */

/* Begin PBXProject section */
		FFB3D63428BE8B6C005DB032 /* Project object */ = {
			isa = PBXProject;
			attributes = {
				BuildIndependentTargetsInParallel = 1;
				LastSwiftUpdateCheck = 1400;
				LastUpgradeCheck = 1340;
				TargetAttributes = {
					B6AD210128FF4E18009B3345 = {
						CreatedOnToolsVersion = 14.0.1;
						TestTargetID = FFB3D63B28BE8B6C005DB032;
					};
					FFB3D63B28BE8B6C005DB032 = {
						CreatedOnToolsVersion = 13.4.1;
					};
				};
			};
			buildConfigurationList = FFB3D63728BE8B6C005DB032 /* Build configuration list for PBXProject "Github Issue Reader" */;
			compatibilityVersion = "Xcode 13.0";
			developmentRegion = en;
			hasScannedForEncodings = 0;
			knownRegions = (
				en,
				Base,
			);
			mainGroup = FFB3D63328BE8B6C005DB032;
			productRefGroup = FFB3D63D28BE8B6C005DB032 /* Products */;
			projectDirPath = "";
			projectRoot = "";
			targets = (
				FFB3D63B28BE8B6C005DB032 /* Github Issue Reader */,
				B6AD210128FF4E18009B3345 /* GithubIssueReaderTests */,
			);
		};
/* End PBXProject section */

/* Begin PBXResourcesBuildPhase section */
		B6AD210028FF4E18009B3345 /* Resources */ = {
			isa = PBXResourcesBuildPhase;
			buildActionMask = 2147483647;
			files = (
			);
			runOnlyForDeploymentPostprocessing = 0;
		};
		FFB3D63A28BE8B6C005DB032 /* Resources */ = {
			isa = PBXResourcesBuildPhase;
			buildActionMask = 2147483647;
			files = (
				FFB3D64C28BE8B6F005DB032 /* LaunchScreen.storyboard in Resources */,
				FFB3D64928BE8B6F005DB032 /* Assets.xcassets in Resources */,
			);
			runOnlyForDeploymentPostprocessing = 0;
		};
/* End PBXResourcesBuildPhase section */

/* Begin PBXSourcesBuildPhase section */
		B6AD20FE28FF4E18009B3345 /* Sources */ = {
			isa = PBXSourcesBuildPhase;
			buildActionMask = 2147483647;
			files = (
				B6AD210C28FF5263009B3345 /* IssueViewModelTests.swift in Sources */,
				B6AD210528FF4E18009B3345 /* GithubIssueReaderTests.swift in Sources */,
			);
			runOnlyForDeploymentPostprocessing = 0;
		};
		FFB3D63828BE8B6C005DB032 /* Sources */ = {
			isa = PBXSourcesBuildPhase;
			buildActionMask = 2147483647;
			files = (
				FFB3D65C28BFCEB6005DB032 /* NetworkManager.swift in Sources */,
				FD52A5AA28F9F6D100819D23 /* IssuePreviewContentView.swift in Sources */,
				FFB3D64428BE8B6C005DB032 /* ViewController.swift in Sources */,
				FFB3D65E28BFD03B005DB032 /* IssueViewModel.swift in Sources */,
				FFB3D65728BE8E5C005DB032 /* IssueModel.swift in Sources */,
				FD157EF428C0032000A05E12 /* IssuesCollectionVC.swift in Sources */,
				FFB3D65928BE8FB8005DB032 /* UserModel .swift in Sources */,
				FFB3D64028BE8B6C005DB032 /* AppDelegate.swift in Sources */,
				FFB3D64228BE8B6C005DB032 /* SceneDelegate.swift in Sources */,
			);
			runOnlyForDeploymentPostprocessing = 0;
		};
/* End PBXSourcesBuildPhase section */

/* Begin PBXTargetDependency section */
		B6AD210728FF4E18009B3345 /* PBXTargetDependency */ = {
			isa = PBXTargetDependency;
			target = FFB3D63B28BE8B6C005DB032 /* Github Issue Reader */;
			targetProxy = B6AD210628FF4E18009B3345 /* PBXContainerItemProxy */;
		};
/* End PBXTargetDependency section */

/* Begin PBXVariantGroup section */
		FFB3D64A28BE8B6F005DB032 /* LaunchScreen.storyboard */ = {
			isa = PBXVariantGroup;
			children = (
				FFB3D64B28BE8B6F005DB032 /* Base */,
			);
			name = LaunchScreen.storyboard;
			sourceTree = "<group>";
		};
/* End PBXVariantGroup section */

/* Begin XCBuildConfiguration section */
		B6AD210828FF4E18009B3345 /* Debug */ = {
			isa = XCBuildConfiguration;
			buildSettings = {
				BUNDLE_LOADER = "$(TEST_HOST)";
				CLANG_CXX_LANGUAGE_STANDARD = "gnu++20";
				CODE_SIGN_STYLE = Automatic;
				CURRENT_PROJECT_VERSION = 1;
				GENERATE_INFOPLIST_FILE = YES;
				IPHONEOS_DEPLOYMENT_TARGET = 16.0;
				MARKETING_VERSION = 1.0;
				PRODUCT_BUNDLE_IDENTIFIER = com.bignerdranch.GithubIssueReaderTests;
				PRODUCT_NAME = "$(TARGET_NAME)";
				SWIFT_EMIT_LOC_STRINGS = NO;
				SWIFT_VERSION = 5.0;
				TARGETED_DEVICE_FAMILY = "1,2";
				TEST_HOST = "$(BUILT_PRODUCTS_DIR)/Github Issue Reader.app/$(BUNDLE_EXECUTABLE_FOLDER_PATH)/Github Issue Reader";
			};
			name = Debug;
		};
		B6AD210928FF4E18009B3345 /* Release */ = {
			isa = XCBuildConfiguration;
			buildSettings = {
				BUNDLE_LOADER = "$(TEST_HOST)";
				CLANG_CXX_LANGUAGE_STANDARD = "gnu++20";
				CODE_SIGN_STYLE = Automatic;
				CURRENT_PROJECT_VERSION = 1;
				GENERATE_INFOPLIST_FILE = YES;
				IPHONEOS_DEPLOYMENT_TARGET = 16.0;
				MARKETING_VERSION = 1.0;
				PRODUCT_BUNDLE_IDENTIFIER = com.bignerdranch.GithubIssueReaderTests;
				PRODUCT_NAME = "$(TARGET_NAME)";
				SWIFT_EMIT_LOC_STRINGS = NO;
				SWIFT_VERSION = 5.0;
				TARGETED_DEVICE_FAMILY = "1,2";
				TEST_HOST = "$(BUILT_PRODUCTS_DIR)/Github Issue Reader.app/$(BUNDLE_EXECUTABLE_FOLDER_PATH)/Github Issue Reader";
			};
			name = Release;
		};
		FFB3D64E28BE8B6F005DB032 /* Debug */ = {
			isa = XCBuildConfiguration;
			buildSettings = {
				ALWAYS_SEARCH_USER_PATHS = NO;
				CLANG_ANALYZER_NONNULL = YES;
				CLANG_ANALYZER_NUMBER_OBJECT_CONVERSION = YES_AGGRESSIVE;
				CLANG_CXX_LANGUAGE_STANDARD = "gnu++17";
				CLANG_ENABLE_MODULES = YES;
				CLANG_ENABLE_OBJC_ARC = YES;
				CLANG_ENABLE_OBJC_WEAK = YES;
				CLANG_WARN_BLOCK_CAPTURE_AUTORELEASING = YES;
				CLANG_WARN_BOOL_CONVERSION = YES;
				CLANG_WARN_COMMA = YES;
				CLANG_WARN_CONSTANT_CONVERSION = YES;
				CLANG_WARN_DEPRECATED_OBJC_IMPLEMENTATIONS = YES;
				CLANG_WARN_DIRECT_OBJC_ISA_USAGE = YES_ERROR;
				CLANG_WARN_DOCUMENTATION_COMMENTS = YES;
				CLANG_WARN_EMPTY_BODY = YES;
				CLANG_WARN_ENUM_CONVERSION = YES;
				CLANG_WARN_INFINITE_RECURSION = YES;
				CLANG_WARN_INT_CONVERSION = YES;
				CLANG_WARN_NON_LITERAL_NULL_CONVERSION = YES;
				CLANG_WARN_OBJC_IMPLICIT_RETAIN_SELF = YES;
				CLANG_WARN_OBJC_LITERAL_CONVERSION = YES;
				CLANG_WARN_OBJC_ROOT_CLASS = YES_ERROR;
				CLANG_WARN_QUOTED_INCLUDE_IN_FRAMEWORK_HEADER = YES;
				CLANG_WARN_RANGE_LOOP_ANALYSIS = YES;
				CLANG_WARN_STRICT_PROTOTYPES = YES;
				CLANG_WARN_SUSPICIOUS_MOVE = YES;
				CLANG_WARN_UNGUARDED_AVAILABILITY = YES_AGGRESSIVE;
				CLANG_WARN_UNREACHABLE_CODE = YES;
				CLANG_WARN__DUPLICATE_METHOD_MATCH = YES;
				COPY_PHASE_STRIP = NO;
				DEBUG_INFORMATION_FORMAT = dwarf;
				ENABLE_STRICT_OBJC_MSGSEND = YES;
				ENABLE_TESTABILITY = YES;
				GCC_C_LANGUAGE_STANDARD = gnu11;
				GCC_DYNAMIC_NO_PIC = NO;
				GCC_NO_COMMON_BLOCKS = YES;
				GCC_OPTIMIZATION_LEVEL = 0;
				GCC_PREPROCESSOR_DEFINITIONS = (
					"DEBUG=1",
					"$(inherited)",
				);
				GCC_WARN_64_TO_32_BIT_CONVERSION = YES;
				GCC_WARN_ABOUT_RETURN_TYPE = YES_ERROR;
				GCC_WARN_UNDECLARED_SELECTOR = YES;
				GCC_WARN_UNINITIALIZED_AUTOS = YES_AGGRESSIVE;
				GCC_WARN_UNUSED_FUNCTION = YES;
				GCC_WARN_UNUSED_VARIABLE = YES;
				IPHONEOS_DEPLOYMENT_TARGET = 15.5;
				MTL_ENABLE_DEBUG_INFO = INCLUDE_SOURCE;
				MTL_FAST_MATH = YES;
				ONLY_ACTIVE_ARCH = YES;
				SDKROOT = iphoneos;
				SWIFT_ACTIVE_COMPILATION_CONDITIONS = DEBUG;
				SWIFT_OPTIMIZATION_LEVEL = "-Onone";
			};
			name = Debug;
		};
		FFB3D64F28BE8B6F005DB032 /* Release */ = {
			isa = XCBuildConfiguration;
			buildSettings = {
				ALWAYS_SEARCH_USER_PATHS = NO;
				CLANG_ANALYZER_NONNULL = YES;
				CLANG_ANALYZER_NUMBER_OBJECT_CONVERSION = YES_AGGRESSIVE;
				CLANG_CXX_LANGUAGE_STANDARD = "gnu++17";
				CLANG_ENABLE_MODULES = YES;
				CLANG_ENABLE_OBJC_ARC = YES;
				CLANG_ENABLE_OBJC_WEAK = YES;
				CLANG_WARN_BLOCK_CAPTURE_AUTORELEASING = YES;
				CLANG_WARN_BOOL_CONVERSION = YES;
				CLANG_WARN_COMMA = YES;
				CLANG_WARN_CONSTANT_CONVERSION = YES;
				CLANG_WARN_DEPRECATED_OBJC_IMPLEMENTATIONS = YES;
				CLANG_WARN_DIRECT_OBJC_ISA_USAGE = YES_ERROR;
				CLANG_WARN_DOCUMENTATION_COMMENTS = YES;
				CLANG_WARN_EMPTY_BODY = YES;
				CLANG_WARN_ENUM_CONVERSION = YES;
				CLANG_WARN_INFINITE_RECURSION = YES;
				CLANG_WARN_INT_CONVERSION = YES;
				CLANG_WARN_NON_LITERAL_NULL_CONVERSION = YES;
				CLANG_WARN_OBJC_IMPLICIT_RETAIN_SELF = YES;
				CLANG_WARN_OBJC_LITERAL_CONVERSION = YES;
				CLANG_WARN_OBJC_ROOT_CLASS = YES_ERROR;
				CLANG_WARN_QUOTED_INCLUDE_IN_FRAMEWORK_HEADER = YES;
				CLANG_WARN_RANGE_LOOP_ANALYSIS = YES;
				CLANG_WARN_STRICT_PROTOTYPES = YES;
				CLANG_WARN_SUSPICIOUS_MOVE = YES;
				CLANG_WARN_UNGUARDED_AVAILABILITY = YES_AGGRESSIVE;
				CLANG_WARN_UNREACHABLE_CODE = YES;
				CLANG_WARN__DUPLICATE_METHOD_MATCH = YES;
				COPY_PHASE_STRIP = NO;
				DEBUG_INFORMATION_FORMAT = "dwarf-with-dsym";
				ENABLE_NS_ASSERTIONS = NO;
				ENABLE_STRICT_OBJC_MSGSEND = YES;
				GCC_C_LANGUAGE_STANDARD = gnu11;
				GCC_NO_COMMON_BLOCKS = YES;
				GCC_WARN_64_TO_32_BIT_CONVERSION = YES;
				GCC_WARN_ABOUT_RETURN_TYPE = YES_ERROR;
				GCC_WARN_UNDECLARED_SELECTOR = YES;
				GCC_WARN_UNINITIALIZED_AUTOS = YES_AGGRESSIVE;
				GCC_WARN_UNUSED_FUNCTION = YES;
				GCC_WARN_UNUSED_VARIABLE = YES;
				IPHONEOS_DEPLOYMENT_TARGET = 15.5;
				MTL_ENABLE_DEBUG_INFO = NO;
				MTL_FAST_MATH = YES;
				SDKROOT = iphoneos;
				SWIFT_COMPILATION_MODE = wholemodule;
				SWIFT_OPTIMIZATION_LEVEL = "-O";
				VALIDATE_PRODUCT = YES;
			};
			name = Release;
		};
		FFB3D65128BE8B6F005DB032 /* Debug */ = {
			isa = XCBuildConfiguration;
			buildSettings = {
				ASSETCATALOG_COMPILER_APPICON_NAME = AppIcon;
				ASSETCATALOG_COMPILER_GLOBAL_ACCENT_COLOR_NAME = AccentColor;
				CODE_SIGN_STYLE = Automatic;
				CURRENT_PROJECT_VERSION = 1;
				DEVELOPMENT_TEAM = V6JHKA9WK6;
				GENERATE_INFOPLIST_FILE = YES;
				INFOPLIST_FILE = "Github Issue Reader/Info.plist";
				INFOPLIST_KEY_UIApplicationSupportsIndirectInputEvents = YES;
				INFOPLIST_KEY_UILaunchStoryboardName = LaunchScreen;
				INFOPLIST_KEY_UIMainStoryboardFile = "";
				INFOPLIST_KEY_UISupportedInterfaceOrientations_iPad = "UIInterfaceOrientationPortrait UIInterfaceOrientationPortraitUpsideDown UIInterfaceOrientationLandscapeLeft UIInterfaceOrientationLandscapeRight";
				INFOPLIST_KEY_UISupportedInterfaceOrientations_iPhone = "UIInterfaceOrientationPortrait UIInterfaceOrientationLandscapeLeft UIInterfaceOrientationLandscapeRight";
				LD_RUNPATH_SEARCH_PATHS = (
					"$(inherited)",
					"@executable_path/Frameworks",
				);
				MARKETING_VERSION = 1.0;
				PRODUCT_BUNDLE_IDENTIFIER = "com.bignerdranch.Github-Issue-Reader";
				PRODUCT_NAME = "$(TARGET_NAME)";
				SWIFT_EMIT_LOC_STRINGS = YES;
				SWIFT_VERSION = 5.0;
				TARGETED_DEVICE_FAMILY = "1,2";
			};
			name = Debug;
		};
		FFB3D65228BE8B6F005DB032 /* Release */ = {
			isa = XCBuildConfiguration;
			buildSettings = {
				ASSETCATALOG_COMPILER_APPICON_NAME = AppIcon;
				ASSETCATALOG_COMPILER_GLOBAL_ACCENT_COLOR_NAME = AccentColor;
				CODE_SIGN_STYLE = Automatic;
				CURRENT_PROJECT_VERSION = 1;
				DEVELOPMENT_TEAM = V6JHKA9WK6;
				GENERATE_INFOPLIST_FILE = YES;
				INFOPLIST_FILE = "Github Issue Reader/Info.plist";
				INFOPLIST_KEY_UIApplicationSupportsIndirectInputEvents = YES;
				INFOPLIST_KEY_UILaunchStoryboardName = LaunchScreen;
				INFOPLIST_KEY_UIMainStoryboardFile = "";
				INFOPLIST_KEY_UISupportedInterfaceOrientations_iPad = "UIInterfaceOrientationPortrait UIInterfaceOrientationPortraitUpsideDown UIInterfaceOrientationLandscapeLeft UIInterfaceOrientationLandscapeRight";
				INFOPLIST_KEY_UISupportedInterfaceOrientations_iPhone = "UIInterfaceOrientationPortrait UIInterfaceOrientationLandscapeLeft UIInterfaceOrientationLandscapeRight";
				LD_RUNPATH_SEARCH_PATHS = (
					"$(inherited)",
					"@executable_path/Frameworks",
				);
				MARKETING_VERSION = 1.0;
				PRODUCT_BUNDLE_IDENTIFIER = "com.bignerdranch.Github-Issue-Reader";
				PRODUCT_NAME = "$(TARGET_NAME)";
				SWIFT_EMIT_LOC_STRINGS = YES;
				SWIFT_VERSION = 5.0;
				TARGETED_DEVICE_FAMILY = "1,2";
			};
			name = Release;
		};
/* End XCBuildConfiguration section */

/* Begin XCConfigurationList section */
		B6AD210A28FF4E18009B3345 /* Build configuration list for PBXNativeTarget "GithubIssueReaderTests" */ = {
			isa = XCConfigurationList;
			buildConfigurations = (
				B6AD210828FF4E18009B3345 /* Debug */,
				B6AD210928FF4E18009B3345 /* Release */,
			);
			defaultConfigurationIsVisible = 0;
			defaultConfigurationName = Release;
		};
		FFB3D63728BE8B6C005DB032 /* Build configuration list for PBXProject "Github Issue Reader" */ = {
			isa = XCConfigurationList;
			buildConfigurations = (
				FFB3D64E28BE8B6F005DB032 /* Debug */,
				FFB3D64F28BE8B6F005DB032 /* Release */,
			);
			defaultConfigurationIsVisible = 0;
			defaultConfigurationName = Release;
		};
		FFB3D65028BE8B6F005DB032 /* Build configuration list for PBXNativeTarget "Github Issue Reader" */ = {
			isa = XCConfigurationList;
			buildConfigurations = (
				FFB3D65128BE8B6F005DB032 /* Debug */,
				FFB3D65228BE8B6F005DB032 /* Release */,
			);
			defaultConfigurationIsVisible = 0;
			defaultConfigurationName = Release;
		};
/* End XCConfigurationList section */
	};
	rootObject = FFB3D63428BE8B6C005DB032 /* Project object */;
}
